{
  "requires": true,
  "lockfileVersion": 1,
  "dependencies": {
    "fetch-mock": {
      "version": "6.3.0",
      "resolved": "https://registry.npmjs.org/fetch-mock/-/fetch-mock-6.3.0.tgz",
      "integrity": "sha512-VDQ5dKhO91NzjrP/VtP1np9/sgdJTSvFTk4qiG2+VhpyN6d08xGuQ2YjoA6FvOuugNYQw4LkPMR5Q8UAhqhY9g==",
      "dev": true,
      "requires": {
        "glob-to-regexp": "0.4.0",
        "path-to-regexp": "2.2.0"
      }
    },
    "glob-to-regexp": {
      "version": "0.4.0",
      "resolved": "https://registry.npmjs.org/glob-to-regexp/-/glob-to-regexp-0.4.0.tgz",
      "integrity": "sha512-fyPCII4vn9Gvjq2U/oDAfP433aiE64cyP/CJjRJcpVGjqqNdioUYn9+r0cSzT1XPwmGAHuTT7iv+rQT8u/YHKQ==",
      "dev": true
    },
    "path-to-regexp": {
      "version": "2.2.0",
      "resolved": "https://registry.npmjs.org/path-to-regexp/-/path-to-regexp-2.2.0.tgz",
      "integrity": "sha512-zJcOPeBsraLjWXwUzFMPzH3QO2CmO1yRggtADPJjOTyCF5csQxfUGJL+CbyyRvIS09wOipi4F/fgRhdmVGSwxQ==",
      "dev": true
    }
  }
}
